// !$*UTF8*$!
{
	archiveVersion = 1;
	classes = {
	};
	objectVersion = 46;
	objects = {

/* Begin PBXBuildFile section */
		A6FFCEB31BDBF07C000C8F7B /* AppDelegate.swift in Sources */ = {isa = PBXBuildFile; fileRef = A6FFCEB21BDBF07C000C8F7B /* AppDelegate.swift */; };
		A6FFCEBA1BDBF07C000C8F7B /* Main.storyboard in Resources */ = {isa = PBXBuildFile; fileRef = A6FFCEB81BDBF07C000C8F7B /* Main.storyboard */; };
		A6FFCEBC1BDBF07C000C8F7B /* Assets.xcassets in Resources */ = {isa = PBXBuildFile; fileRef = A6FFCEBB1BDBF07C000C8F7B /* Assets.xcassets */; };
		A6FFCEBF1BDBF07C000C8F7B /* LaunchScreen.storyboard in Resources */ = {isa = PBXBuildFile; fileRef = A6FFCEBD1BDBF07C000C8F7B /* LaunchScreen.storyboard */; };
		A6FFCECA1BDBF07C000C8F7B /* TurqTests.swift in Sources */ = {isa = PBXBuildFile; fileRef = A6FFCEC91BDBF07C000C8F7B /* TurqTests.swift */; };
		A6FFCED51BDBF07C000C8F7B /* TurqUITests.swift in Sources */ = {isa = PBXBuildFile; fileRef = A6FFCED41BDBF07C000C8F7B /* TurqUITests.swift */; };
		A6FFCEE31BDBFF57000C8F7B /* NearbyViewController.swift in Sources */ = {isa = PBXBuildFile; fileRef = A6FFCEE21BDBFF57000C8F7B /* NearbyViewController.swift */; settings = {ASSET_TAGS = (); }; };
		A6FFCEE51BDC0011000C8F7B /* SearchViewController.swift in Sources */ = {isa = PBXBuildFile; fileRef = A6FFCEE41BDC0011000C8F7B /* SearchViewController.swift */; settings = {ASSET_TAGS = (); }; };
		A6FFCEE71BDC004D000C8F7B /* DealsViewController.swift in Sources */ = {isa = PBXBuildFile; fileRef = A6FFCEE61BDC004D000C8F7B /* DealsViewController.swift */; settings = {ASSET_TAGS = (); }; };
		A6FFCEE91BDC00A0000C8F7B /* CartViewController.swift in Sources */ = {isa = PBXBuildFile; fileRef = A6FFCEE81BDC00A0000C8F7B /* CartViewController.swift */; settings = {ASSET_TAGS = (); }; };
		A6FFCEEB1BDC00BB000C8F7B /* ProfileViewController.swift in Sources */ = {isa = PBXBuildFile; fileRef = A6FFCEEA1BDC00BB000C8F7B /* ProfileViewController.swift */; settings = {ASSET_TAGS = (); }; };
/* End PBXBuildFile section */

/* Begin PBXContainerItemProxy section */
		A6FFCEC61BDBF07C000C8F7B /* PBXContainerItemProxy */ = {
			isa = PBXContainerItemProxy;
			containerPortal = A6FFCEA71BDBF07B000C8F7B /* Project object */;
			proxyType = 1;
			remoteGlobalIDString = A6FFCEAE1BDBF07B000C8F7B;
			remoteInfo = Goosemoose;
		};
		A6FFCED11BDBF07C000C8F7B /* PBXContainerItemProxy */ = {
			isa = PBXContainerItemProxy;
			containerPortal = A6FFCEA71BDBF07B000C8F7B /* Project object */;
			proxyType = 1;
			remoteGlobalIDString = A6FFCEAE1BDBF07B000C8F7B;
			remoteInfo = Goosemoose;
		};
/* End PBXContainerItemProxy section */

/* Begin PBXFileReference section */
		A6FFCEAF1BDBF07B000C8F7B /* Turq.app */ = {isa = PBXFileReference; explicitFileType = wrapper.application; includeInIndex = 0; path = Turq.app; sourceTree = BUILT_PRODUCTS_DIR; };
		A6FFCEB21BDBF07C000C8F7B /* AppDelegate.swift */ = {isa = PBXFileReference; lastKnownFileType = sourcecode.swift; path = AppDelegate.swift; sourceTree = "<group>"; };
		A6FFCEB91BDBF07C000C8F7B /* Base */ = {isa = PBXFileReference; lastKnownFileType = file.storyboard; name = Base; path = Base.lproj/Main.storyboard; sourceTree = "<group>"; };
		A6FFCEBB1BDBF07C000C8F7B /* Assets.xcassets */ = {isa = PBXFileReference; lastKnownFileType = folder.assetcatalog; path = Assets.xcassets; sourceTree = "<group>"; };
		A6FFCEBE1BDBF07C000C8F7B /* Base */ = {isa = PBXFileReference; lastKnownFileType = file.storyboard; name = Base; path = Base.lproj/LaunchScreen.storyboard; sourceTree = "<group>"; };
		A6FFCEC01BDBF07C000C8F7B /* Info.plist */ = {isa = PBXFileReference; lastKnownFileType = text.plist.xml; path = Info.plist; sourceTree = "<group>"; };
		A6FFCEC51BDBF07C000C8F7B /* Turq.xctest */ = {isa = PBXFileReference; explicitFileType = wrapper.cfbundle; includeInIndex = 0; path = Turq.xctest; sourceTree = BUILT_PRODUCTS_DIR; };
		A6FFCEC91BDBF07C000C8F7B /* TurqTests.swift */ = {isa = PBXFileReference; lastKnownFileType = sourcecode.swift; path = TurqTests.swift; sourceTree = "<group>"; };
		A6FFCECB1BDBF07C000C8F7B /* Info.plist */ = {isa = PBXFileReference; lastKnownFileType = text.plist.xml; path = Info.plist; sourceTree = "<group>"; };
		A6FFCED01BDBF07C000C8F7B /* Turq.xctest */ = {isa = PBXFileReference; explicitFileType = wrapper.cfbundle; includeInIndex = 0; path = Turq.xctest; sourceTree = BUILT_PRODUCTS_DIR; };
		A6FFCED41BDBF07C000C8F7B /* TurqUITests.swift */ = {isa = PBXFileReference; lastKnownFileType = sourcecode.swift; path = TurqUITests.swift; sourceTree = "<group>"; };
		A6FFCED61BDBF07C000C8F7B /* Info.plist */ = {isa = PBXFileReference; lastKnownFileType = text.plist.xml; path = Info.plist; sourceTree = "<group>"; };
		A6FFCEE21BDBFF57000C8F7B /* NearbyViewController.swift */ = {isa = PBXFileReference; fileEncoding = 4; lastKnownFileType = sourcecode.swift; path = NearbyViewController.swift; sourceTree = "<group>"; };
		A6FFCEE41BDC0011000C8F7B /* SearchViewController.swift */ = {isa = PBXFileReference; fileEncoding = 4; lastKnownFileType = sourcecode.swift; path = SearchViewController.swift; sourceTree = "<group>"; };
		A6FFCEE61BDC004D000C8F7B /* DealsViewController.swift */ = {isa = PBXFileReference; fileEncoding = 4; lastKnownFileType = sourcecode.swift; path = DealsViewController.swift; sourceTree = "<group>"; };
		A6FFCEE81BDC00A0000C8F7B /* CartViewController.swift */ = {isa = PBXFileReference; fileEncoding = 4; lastKnownFileType = sourcecode.swift; path = CartViewController.swift; sourceTree = "<group>"; };
		A6FFCEEA1BDC00BB000C8F7B /* ProfileViewController.swift */ = {isa = PBXFileReference; fileEncoding = 4; lastKnownFileType = sourcecode.swift; path = ProfileViewController.swift; sourceTree = "<group>"; };
/* End PBXFileReference section */

/* Begin PBXFrameworksBuildPhase section */
		A6FFCEAC1BDBF07B000C8F7B /* Frameworks */ = {
			isa = PBXFrameworksBuildPhase;
			buildActionMask = 2147483647;
			files = (
			);
			runOnlyForDeploymentPostprocessing = 0;
		};
		A6FFCEC21BDBF07C000C8F7B /* Frameworks */ = {
			isa = PBXFrameworksBuildPhase;
			buildActionMask = 2147483647;
			files = (
			);
			runOnlyForDeploymentPostprocessing = 0;
		};
		A6FFCECD1BDBF07C000C8F7B /* Frameworks */ = {
			isa = PBXFrameworksBuildPhase;
			buildActionMask = 2147483647;
			files = (
			);
			runOnlyForDeploymentPostprocessing = 0;
		};
/* End PBXFrameworksBuildPhase section */

/* Begin PBXGroup section */
		A6FFCEA61BDBF07B000C8F7B = {
			isa = PBXGroup;
			children = (
				A6FFCEB11BDBF07B000C8F7B /* Turq */,
				A6FFCEC81BDBF07C000C8F7B /* TurqTests */,
				A6FFCED31BDBF07C000C8F7B /* TurqUITests */,
				A6FFCEB01BDBF07B000C8F7B /* Products */,
			);
			sourceTree = "<group>";
		};
		A6FFCEB01BDBF07B000C8F7B /* Products */ = {
			isa = PBXGroup;
			children = (
				A6FFCEAF1BDBF07B000C8F7B /* Turq.app */,
				A6FFCEC51BDBF07C000C8F7B /* Turq.xctest */,
				A6FFCED01BDBF07C000C8F7B /* Turq.xctest */,
			);
			name = Products;
			sourceTree = "<group>";
		};
		A6FFCEB11BDBF07B000C8F7B /* Turq */ = {
			isa = PBXGroup;
			children = (
				A6FFCEB21BDBF07C000C8F7B /* AppDelegate.swift */,
				A6FFCEE21BDBFF57000C8F7B /* NearbyViewController.swift */,
				A6FFCEE41BDC0011000C8F7B /* SearchViewController.swift */,
				A6FFCEE61BDC004D000C8F7B /* DealsViewController.swift */,
				A6FFCEE81BDC00A0000C8F7B /* CartViewController.swift */,
				A6FFCEEA1BDC00BB000C8F7B /* ProfileViewController.swift */,
				A6FFCEB81BDBF07C000C8F7B /* Main.storyboard */,
				A6FFCEBB1BDBF07C000C8F7B /* Assets.xcassets */,
				A6FFCEBD1BDBF07C000C8F7B /* LaunchScreen.storyboard */,
				A6FFCEC01BDBF07C000C8F7B /* Info.plist */,
			);
			path = Turq;
			sourceTree = "<group>";
		};
		A6FFCEC81BDBF07C000C8F7B /* TurqTests */ = {
			isa = PBXGroup;
			children = (
				A6FFCEC91BDBF07C000C8F7B /* TurqTests.swift */,
				A6FFCECB1BDBF07C000C8F7B /* Info.plist */,
			);
			path = TurqTests;
			sourceTree = "<group>";
		};
		A6FFCED31BDBF07C000C8F7B /* TurqUITests */ = {
			isa = PBXGroup;
			children = (
				A6FFCED41BDBF07C000C8F7B /* TurqUITests.swift */,
				A6FFCED61BDBF07C000C8F7B /* Info.plist */,
			);
			path = TurqUITests;
			sourceTree = "<group>";
		};
/* End PBXGroup section */

/* Begin PBXNativeTarget section */
		A6FFCEAE1BDBF07B000C8F7B /* Turq */ = {
			isa = PBXNativeTarget;
			buildConfigurationList = A6FFCED91BDBF07C000C8F7B /* Build configuration list for PBXNativeTarget "Turq" */;
			buildPhases = (
				A6FFCEAB1BDBF07B000C8F7B /* Sources */,
				A6FFCEAC1BDBF07B000C8F7B /* Frameworks */,
				A6FFCEAD1BDBF07B000C8F7B /* Resources */,
			);
			buildRules = (
			);
			dependencies = (
			);
			name = Turq;
			productName = Goosemoose;
			productReference = A6FFCEAF1BDBF07B000C8F7B /* Turq.app */;
			productType = "com.apple.product-type.application";
		};
		A6FFCEC41BDBF07C000C8F7B /* TurqTests */ = {
			isa = PBXNativeTarget;
			buildConfigurationList = A6FFCEDC1BDBF07C000C8F7B /* Build configuration list for PBXNativeTarget "TurqTests" */;
			buildPhases = (
				A6FFCEC11BDBF07C000C8F7B /* Sources */,
				A6FFCEC21BDBF07C000C8F7B /* Frameworks */,
				A6FFCEC31BDBF07C000C8F7B /* Resources */,
			);
			buildRules = (
			);
			dependencies = (
				A6FFCEC71BDBF07C000C8F7B /* PBXTargetDependency */,
			);
			name = TurqTests;
			productName = GoosemooseTests;
			productReference = A6FFCEC51BDBF07C000C8F7B /* Turq.xctest */;
			productType = "com.apple.product-type.bundle.unit-test";
		};
		A6FFCECF1BDBF07C000C8F7B /* TurqUITests */ = {
			isa = PBXNativeTarget;
			buildConfigurationList = A6FFCEDF1BDBF07C000C8F7B /* Build configuration list for PBXNativeTarget "TurqUITests" */;
			buildPhases = (
				A6FFCECC1BDBF07C000C8F7B /* Sources */,
				A6FFCECD1BDBF07C000C8F7B /* Frameworks */,
				A6FFCECE1BDBF07C000C8F7B /* Resources */,
			);
			buildRules = (
			);
			dependencies = (
				A6FFCED21BDBF07C000C8F7B /* PBXTargetDependency */,
			);
			name = TurqUITests;
			productName = GoosemooseUITests;
			productReference = A6FFCED01BDBF07C000C8F7B /* Turq.xctest */;
			productType = "com.apple.product-type.bundle.ui-testing";
		};
/* End PBXNativeTarget section */

/* Begin PBXProject section */
		A6FFCEA71BDBF07B000C8F7B /* Project object */ = {
			isa = PBXProject;
			attributes = {
				LastUpgradeCheck = 0700;
				ORGANIZATIONNAME = YAK;
				TargetAttributes = {
					A6FFCEAE1BDBF07B000C8F7B = {
						CreatedOnToolsVersion = 7.0.1;
					};
					A6FFCEC41BDBF07C000C8F7B = {
						CreatedOnToolsVersion = 7.0.1;
						TestTargetID = A6FFCEAE1BDBF07B000C8F7B;
					};
					A6FFCECF1BDBF07C000C8F7B = {
						CreatedOnToolsVersion = 7.0.1;
						TestTargetID = A6FFCEAE1BDBF07B000C8F7B;
					};
				};
			};
			buildConfigurationList = A6FFCEAA1BDBF07B000C8F7B /* Build configuration list for PBXProject "Turq" */;
			compatibilityVersion = "Xcode 3.2";
			developmentRegion = English;
			hasScannedForEncodings = 0;
			knownRegions = (
				en,
				Base,
			);
			mainGroup = A6FFCEA61BDBF07B000C8F7B;
			productRefGroup = A6FFCEB01BDBF07B000C8F7B /* Products */;
			projectDirPath = "";
			projectRoot = "";
			targets = (
				A6FFCEAE1BDBF07B000C8F7B /* Turq */,
				A6FFCEC41BDBF07C000C8F7B /* TurqTests */,
				A6FFCECF1BDBF07C000C8F7B /* TurqUITests */,
			);
		};
/* End PBXProject section */

/* Begin PBXResourcesBuildPhase section */
		A6FFCEAD1BDBF07B000C8F7B /* Resources */ = {
			isa = PBXResourcesBuildPhase;
			buildActionMask = 2147483647;
			files = (
				A6FFCEBF1BDBF07C000C8F7B /* LaunchScreen.storyboard in Resources */,
				A6FFCEBC1BDBF07C000C8F7B /* Assets.xcassets in Resources */,
				A6FFCEBA1BDBF07C000C8F7B /* Main.storyboard in Resources */,
			);
			runOnlyForDeploymentPostprocessing = 0;
		};
		A6FFCEC31BDBF07C000C8F7B /* Resources */ = {
			isa = PBXResourcesBuildPhase;
			buildActionMask = 2147483647;
			files = (
			);
			runOnlyForDeploymentPostprocessing = 0;
		};
		A6FFCECE1BDBF07C000C8F7B /* Resources */ = {
			isa = PBXResourcesBuildPhase;
			buildActionMask = 2147483647;
			files = (
			);
			runOnlyForDeploymentPostprocessing = 0;
		};
/* End PBXResourcesBuildPhase section */

/* Begin PBXSourcesBuildPhase section */
		A6FFCEAB1BDBF07B000C8F7B /* Sources */ = {
			isa = PBXSourcesBuildPhase;
			buildActionMask = 2147483647;
			files = (
				A6FFCEEB1BDC00BB000C8F7B /* ProfileViewController.swift in Sources */,
				A6FFCEE71BDC004D000C8F7B /* DealsViewController.swift in Sources */,
				A6FFCEE51BDC0011000C8F7B /* SearchViewController.swift in Sources */,
				A6FFCEE91BDC00A0000C8F7B /* CartViewController.swift in Sources */,
				A6FFCEB31BDBF07C000C8F7B /* AppDelegate.swift in Sources */,
				A6FFCEE31BDBFF57000C8F7B /* NearbyViewController.swift in Sources */,
			);
			runOnlyForDeploymentPostprocessing = 0;
		};
		A6FFCEC11BDBF07C000C8F7B /* Sources */ = {
			isa = PBXSourcesBuildPhase;
			buildActionMask = 2147483647;
			files = (
				A6FFCECA1BDBF07C000C8F7B /* TurqTests.swift in Sources */,
			);
			runOnlyForDeploymentPostprocessing = 0;
		};
		A6FFCECC1BDBF07C000C8F7B /* Sources */ = {
			isa = PBXSourcesBuildPhase;
			buildActionMask = 2147483647;
			files = (
				A6FFCED51BDBF07C000C8F7B /* TurqUITests.swift in Sources */,
			);
			runOnlyForDeploymentPostprocessing = 0;
		};
/* End PBXSourcesBuildPhase section */

/* Begin PBXTargetDependency section */
		A6FFCEC71BDBF07C000C8F7B /* PBXTargetDependency */ = {
			isa = PBXTargetDependency;
			target = A6FFCEAE1BDBF07B000C8F7B /* Turq */;
			targetProxy = A6FFCEC61BDBF07C000C8F7B /* PBXContainerItemProxy */;
		};
		A6FFCED21BDBF07C000C8F7B /* PBXTargetDependency */ = {
			isa = PBXTargetDependency;
			target = A6FFCEAE1BDBF07B000C8F7B /* Turq */;
			targetProxy = A6FFCED11BDBF07C000C8F7B /* PBXContainerItemProxy */;
		};
/* End PBXTargetDependency section */

/* Begin PBXVariantGroup section */
		A6FFCEB81BDBF07C000C8F7B /* Main.storyboard */ = {
			isa = PBXVariantGroup;
			children = (
				A6FFCEB91BDBF07C000C8F7B /* Base */,
			);
			name = Main.storyboard;
			sourceTree = "<group>";
		};
		A6FFCEBD1BDBF07C000C8F7B /* LaunchScreen.storyboard */ = {
			isa = PBXVariantGroup;
			children = (
				A6FFCEBE1BDBF07C000C8F7B /* Base */,
			);
			name = LaunchScreen.storyboard;
			sourceTree = "<group>";
		};
/* End PBXVariantGroup section */

/* Begin XCBuildConfiguration section */
		A6FFCED71BDBF07C000C8F7B /* Debug */ = {
			isa = XCBuildConfiguration;
			buildSettings = {
				ALWAYS_SEARCH_USER_PATHS = NO;
				CLANG_CXX_LANGUAGE_STANDARD = "gnu++0x";
				CLANG_CXX_LIBRARY = "libc++";
				CLANG_ENABLE_MODULES = YES;
				CLANG_ENABLE_OBJC_ARC = YES;
				CLANG_WARN_BOOL_CONVERSION = YES;
				CLANG_WARN_CONSTANT_CONVERSION = YES;
				CLANG_WARN_DIRECT_OBJC_ISA_USAGE = YES_ERROR;
				CLANG_WARN_EMPTY_BODY = YES;
				CLANG_WARN_ENUM_CONVERSION = YES;
				CLANG_WARN_INT_CONVERSION = YES;
				CLANG_WARN_OBJC_ROOT_CLASS = YES_ERROR;
				CLANG_WARN_UNREACHABLE_CODE = YES;
				CLANG_WARN__DUPLICATE_METHOD_MATCH = YES;
				"CODE_SIGN_IDENTITY[sdk=iphoneos*]" = "iPhone Developer";
				COPY_PHASE_STRIP = NO;
				DEBUG_INFORMATION_FORMAT = dwarf;
				ENABLE_STRICT_OBJC_MSGSEND = YES;
				ENABLE_TESTABILITY = YES;
				GCC_C_LANGUAGE_STANDARD = gnu99;
				GCC_DYNAMIC_NO_PIC = NO;
				GCC_NO_COMMON_BLOCKS = YES;
				GCC_OPTIMIZATION_LEVEL = 0;
				GCC_PREPROCESSOR_DEFINITIONS = (
					"DEBUG=1",
					"$(inherited)",
				);
				GCC_WARN_64_TO_32_BIT_CONVERSION = YES;
				GCC_WARN_ABOUT_RETURN_TYPE = YES_ERROR;
				GCC_WARN_UNDECLARED_SELECTOR = YES;
				GCC_WARN_UNINITIALIZED_AUTOS = YES_AGGRESSIVE;
				GCC_WARN_UNUSED_FUNCTION = YES;
				GCC_WARN_UNUSED_VARIABLE = YES;
				IPHONEOS_DEPLOYMENT_TARGET = 9.0;
				MTL_ENABLE_DEBUG_INFO = YES;
				ONLY_ACTIVE_ARCH = YES;
				SDKROOT = iphoneos;
				SWIFT_OPTIMIZATION_LEVEL = "-Onone";
				TARGETED_DEVICE_FAMILY = "1,2";
			};
			name = Debug;
		};
		A6FFCED81BDBF07C000C8F7B /* Release */ = {
			isa = XCBuildConfiguration;
			buildSettings = {
				ALWAYS_SEARCH_USER_PATHS = NO;
				CLANG_CXX_LANGUAGE_STANDARD = "gnu++0x";
				CLANG_CXX_LIBRARY = "libc++";
				CLANG_ENABLE_MODULES = YES;
				CLANG_ENABLE_OBJC_ARC = YES;
				CLANG_WARN_BOOL_CONVERSION = YES;
				CLANG_WARN_CONSTANT_CONVERSION = YES;
				CLANG_WARN_DIRECT_OBJC_ISA_USAGE = YES_ERROR;
				CLANG_WARN_EMPTY_BODY = YES;
				CLANG_WARN_ENUM_CONVERSION = YES;
				CLANG_WARN_INT_CONVERSION = YES;
				CLANG_WARN_OBJC_ROOT_CLASS = YES_ERROR;
				CLANG_WARN_UNREACHABLE_CODE = YES;
				CLANG_WARN__DUPLICATE_METHOD_MATCH = YES;
				"CODE_SIGN_IDENTITY[sdk=iphoneos*]" = "iPhone Developer";
				COPY_PHASE_STRIP = NO;
				DEBUG_INFORMATION_FORMAT = "dwarf-with-dsym";
				ENABLE_NS_ASSERTIONS = NO;
				ENABLE_STRICT_OBJC_MSGSEND = YES;
				GCC_C_LANGUAGE_STANDARD = gnu99;
				GCC_NO_COMMON_BLOCKS = YES;
				GCC_WARN_64_TO_32_BIT_CONVERSION = YES;
				GCC_WARN_ABOUT_RETURN_TYPE = YES_ERROR;
				GCC_WARN_UNDECLARED_SELECTOR = YES;
				GCC_WARN_UNINITIALIZED_AUTOS = YES_AGGRESSIVE;
				GCC_WARN_UNUSED_FUNCTION = YES;
				GCC_WARN_UNUSED_VARIABLE = YES;
				IPHONEOS_DEPLOYMENT_TARGET = 9.0;
				MTL_ENABLE_DEBUG_INFO = NO;
				SDKROOT = iphoneos;
				TARGETED_DEVICE_FAMILY = "1,2";
				VALIDATE_PRODUCT = YES;
			};
			name = Release;
		};
		A6FFCEDA1BDBF07C000C8F7B /* Debug */ = {
			isa = XCBuildConfiguration;
			buildSettings = {
				ASSETCATALOG_COMPILER_APPICON_NAME = AppIcon;
				INFOPLIST_FILE = Goosemoose/Info.plist;
				IPHONEOS_DEPLOYMENT_TARGET = 9.0;
				LD_RUNPATH_SEARCH_PATHS = "$(inherited) @executable_path/Frameworks";
				PRODUCT_BUNDLE_IDENTIFIER = yak.Turq;
				PRODUCT_NAME = Turq;
				TARGETED_DEVICE_FAMILY = 1;
			};
			name = Debug;
		};
		A6FFCEDB1BDBF07C000C8F7B /* Release */ = {
			isa = XCBuildConfiguration;
			buildSettings = {
				ASSETCATALOG_COMPILER_APPICON_NAME = AppIcon;
				INFOPLIST_FILE = Goosemoose/Info.plist;
				IPHONEOS_DEPLOYMENT_TARGET = 9.0;
				LD_RUNPATH_SEARCH_PATHS = "$(inherited) @executable_path/Frameworks";
				PRODUCT_BUNDLE_IDENTIFIER = yak.Turq;
				PRODUCT_NAME = Turq;
				TARGETED_DEVICE_FAMILY = 1;
			};
			name = Release;
		};
		A6FFCEDD1BDBF07C000C8F7B /* Debug */ = {
			isa = XCBuildConfiguration;
			buildSettings = {
				BUNDLE_LOADER = "$(TEST_HOST)";
				INFOPLIST_FILE = GoosemooseTests/Info.plist;
				LD_RUNPATH_SEARCH_PATHS = "$(inherited) @executable_path/Frameworks @loader_path/Frameworks";
				PRODUCT_BUNDLE_IDENTIFIER = yak.GoosemooseTests;
				PRODUCT_NAME = Turq;
				TEST_HOST = "$(BUILT_PRODUCTS_DIR)/Turq.app/Turq";
			};
			name = Debug;
		};
		A6FFCEDE1BDBF07C000C8F7B /* Release */ = {
			isa = XCBuildConfiguration;
			buildSettings = {
				BUNDLE_LOADER = "$(TEST_HOST)";
				INFOPLIST_FILE = GoosemooseTests/Info.plist;
				LD_RUNPATH_SEARCH_PATHS = "$(inherited) @executable_path/Frameworks @loader_path/Frameworks";
				PRODUCT_BUNDLE_IDENTIFIER = yak.GoosemooseTests;
				PRODUCT_NAME = Turq;
				TEST_HOST = "$(BUILT_PRODUCTS_DIR)/Turq.app/Turq";
			};
			name = Release;
		};
		A6FFCEE01BDBF07C000C8F7B /* Debug */ = {
			isa = XCBuildConfiguration;
			buildSettings = {
				INFOPLIST_FILE = GoosemooseUITests/Info.plist;
				LD_RUNPATH_SEARCH_PATHS = "$(inherited) @executable_path/Frameworks @loader_path/Frameworks";
				PRODUCT_BUNDLE_IDENTIFIER = yak.GoosemooseUITests;
				PRODUCT_NAME = Turq;
				TEST_TARGET_NAME = Goosemoose;
				USES_XCTRUNNER = YES;
			};
			name = Debug;
		};
		A6FFCEE11BDBF07C000C8F7B /* Release */ = {
			isa = XCBuildConfiguration;
			buildSettings = {
				INFOPLIST_FILE = GoosemooseUITests/Info.plist;
				LD_RUNPATH_SEARCH_PATHS = "$(inherited) @executable_path/Frameworks @loader_path/Frameworks";
				PRODUCT_BUNDLE_IDENTIFIER = yak.GoosemooseUITests;
				PRODUCT_NAME = Turq;
				TEST_TARGET_NAME = Goosemoose;
				USES_XCTRUNNER = YES;
			};
			name = Release;
		};
/* End XCBuildConfiguration section */

/* Begin XCConfigurationList section */
		A6FFCEAA1BDBF07B000C8F7B /* Build configuration list for PBXProject "Turq" */ = {
			isa = XCConfigurationList;
			buildConfigurations = (
				A6FFCED71BDBF07C000C8F7B /* Debug */,
				A6FFCED81BDBF07C000C8F7B /* Release */,
			);
			defaultConfigurationIsVisible = 0;
			defaultConfigurationName = Release;
		};
		A6FFCED91BDBF07C000C8F7B /* Build configuration list for PBXNativeTarget "Turq" */ = {
			isa = XCConfigurationList;
			buildConfigurations = (
				A6FFCEDA1BDBF07C000C8F7B /* Debug */,
				A6FFCEDB1BDBF07C000C8F7B /* Release */,
			);
			defaultConfigurationIsVisible = 0;
			defaultConfigurationName = Release;
		};
		A6FFCEDC1BDBF07C000C8F7B /* Build configuration list for PBXNativeTarget "TurqTests" */ = {
			isa = XCConfigurationList;
			buildConfigurations = (
				A6FFCEDD1BDBF07C000C8F7B /* Debug */,
				A6FFCEDE1BDBF07C000C8F7B /* Release */,
			);
			defaultConfigurationIsVisible = 0;
			defaultConfigurationName = Release;
		};
		A6FFCEDF1BDBF07C000C8F7B /* Build configuration list for PBXNativeTarget "TurqUITests" */ = {
			isa = XCConfigurationList;
			buildConfigurations = (
				A6FFCEE01BDBF07C000C8F7B /* Debug */,
				A6FFCEE11BDBF07C000C8F7B /* Release */,
			);
			defaultConfigurationIsVisible = 0;
			defaultConfigurationName = Release;
		};
/* End XCConfigurationList section */
	};
	rootObject = A6FFCEA71BDBF07B000C8F7B /* Project object */;
}
